// !$*UTF8*$!
{
	archiveVersion = 1;
	classes = {
	};
	objectVersion = 56;
	objects = {

/* Begin PBXBuildFile section */
		8AFF81072AD8668C00EA4C7A /* AppDelegate.swift in Sources */ = {isa = PBXBuildFile; fileRef = 8AFF81062AD8668C00EA4C7A /* AppDelegate.swift */; };
		8AFF81092AD8668C00EA4C7A /* SceneDelegate.swift in Sources */ = {isa = PBXBuildFile; fileRef = 8AFF81082AD8668C00EA4C7A /* SceneDelegate.swift */; };
		8AFF810B2AD8668C00EA4C7A /* ViewController.swift in Sources */ = {isa = PBXBuildFile; fileRef = 8AFF810A2AD8668C00EA4C7A /* ViewController.swift */; };
		8AFF810E2AD8668C00EA4C7A /* Main.storyboard in Resources */ = {isa = PBXBuildFile; fileRef = 8AFF810C2AD8668C00EA4C7A /* Main.storyboard */; };
		8AFF81102AD8668D00EA4C7A /* Assets.xcassets in Resources */ = {isa = PBXBuildFile; fileRef = 8AFF810F2AD8668D00EA4C7A /* Assets.xcassets */; };
		8AFF81132AD8668D00EA4C7A /* LaunchScreen.storyboard in Resources */ = {isa = PBXBuildFile; fileRef = 8AFF81112AD8668D00EA4C7A /* LaunchScreen.storyboard */; };
		C12B8C145A96A5F0C427514E /* Pods_GaleryTwo.framework in Frameworks */ = {isa = PBXBuildFile; fileRef = 579912F1DEA709AA54AF982B /* Pods_GaleryTwo.framework */; };
/* End PBXBuildFile section */

/* Begin PBXFileReference section */
		579912F1DEA709AA54AF982B /* Pods_GaleryTwo.framework */ = {isa = PBXFileReference; explicitFileType = wrapper.framework; includeInIndex = 0; path = Pods_GaleryTwo.framework; sourceTree = BUILT_PRODUCTS_DIR; };
		77B45D9453ADAEEFA684536B /* Pods-GaleryTwo.release.xcconfig */ = {isa = PBXFileReference; includeInIndex = 1; lastKnownFileType = text.xcconfig; name = "Pods-GaleryTwo.release.xcconfig"; path = "Target Support Files/Pods-GaleryTwo/Pods-GaleryTwo.release.xcconfig"; sourceTree = "<group>"; };
		8AFF81032AD8668C00EA4C7A /* GaleryTwo.app */ = {isa = PBXFileReference; explicitFileType = wrapper.application; includeInIndex = 0; path = GaleryTwo.app; sourceTree = BUILT_PRODUCTS_DIR; };
		8AFF81062AD8668C00EA4C7A /* AppDelegate.swift */ = {isa = PBXFileReference; lastKnownFileType = sourcecode.swift; path = AppDelegate.swift; sourceTree = "<group>"; };
		8AFF81082AD8668C00EA4C7A /* SceneDelegate.swift */ = {isa = PBXFileReference; lastKnownFileType = sourcecode.swift; path = SceneDelegate.swift; sourceTree = "<group>"; };
		8AFF810A2AD8668C00EA4C7A /* ViewController.swift */ = {isa = PBXFileReference; lastKnownFileType = sourcecode.swift; path = ViewController.swift; sourceTree = "<group>"; };
		8AFF810D2AD8668C00EA4C7A /* Base */ = {isa = PBXFileReference; lastKnownFileType = file.storyboard; name = Base; path = Base.lproj/Main.storyboard; sourceTree = "<group>"; };
		8AFF810F2AD8668D00EA4C7A /* Assets.xcassets */ = {isa = PBXFileReference; lastKnownFileType = folder.assetcatalog; path = Assets.xcassets; sourceTree = "<group>"; };
		8AFF81122AD8668D00EA4C7A /* Base */ = {isa = PBXFileReference; lastKnownFileType = file.storyboard; name = Base; path = Base.lproj/LaunchScreen.storyboard; sourceTree = "<group>"; };
		8AFF81142AD8668D00EA4C7A /* Info.plist */ = {isa = PBXFileReference; lastKnownFileType = text.plist.xml; path = Info.plist; sourceTree = "<group>"; };
		A14A0129960BCEAC5BE6D4BD /* Pods-GaleryTwo.debug.xcconfig */ = {isa = PBXFileReference; includeInIndex = 1; lastKnownFileType = text.xcconfig; name = "Pods-GaleryTwo.debug.xcconfig"; path = "Target Support Files/Pods-GaleryTwo/Pods-GaleryTwo.debug.xcconfig"; sourceTree = "<group>"; };
/* End PBXFileReference section */

/* Begin PBXFrameworksBuildPhase section */
		8AFF81002AD8668C00EA4C7A /* Frameworks */ = {
			isa = PBXFrameworksBuildPhase;
			buildActionMask = 2147483647;
			files = (
				C12B8C145A96A5F0C427514E /* Pods_GaleryTwo.framework in Frameworks */,
			);
			runOnlyForDeploymentPostprocessing = 0;
		};
/* End PBXFrameworksBuildPhase section */

/* Begin PBXGroup section */
		525508C80F40A0EDF04CD054 /* Pods */ = {
			isa = PBXGroup;
			children = (
				A14A0129960BCEAC5BE6D4BD /* Pods-GaleryTwo.debug.xcconfig */,
				77B45D9453ADAEEFA684536B /* Pods-GaleryTwo.release.xcconfig */,
			);
			name = Pods;
			path = Pods;
			sourceTree = "<group>";
		};
		6EE382C0AC59F60C9975E3BE /* Frameworks */ = {
			isa = PBXGroup;
			children = (
				579912F1DEA709AA54AF982B /* Pods_GaleryTwo.framework */,
			);
			name = Frameworks;
			sourceTree = "<group>";
		};
		8AFF80FA2AD8668C00EA4C7A = {
			isa = PBXGroup;
			children = (
				8AFF81052AD8668C00EA4C7A /* GaleryTwo */,
				8AFF81042AD8668C00EA4C7A /* Products */,
				525508C80F40A0EDF04CD054 /* Pods */,
				6EE382C0AC59F60C9975E3BE /* Frameworks */,
			);
			sourceTree = "<group>";
		};
		8AFF81042AD8668C00EA4C7A /* Products */ = {
			isa = PBXGroup;
			children = (
				8AFF81032AD8668C00EA4C7A /* GaleryTwo.app */,
			);
			name = Products;
			sourceTree = "<group>";
		};
		8AFF81052AD8668C00EA4C7A /* GaleryTwo */ = {
			isa = PBXGroup;
			children = (
				8AFF81062AD8668C00EA4C7A /* AppDelegate.swift */,
				8AFF81082AD8668C00EA4C7A /* SceneDelegate.swift */,
				8AFF810A2AD8668C00EA4C7A /* ViewController.swift */,
				8AFF810C2AD8668C00EA4C7A /* Main.storyboard */,
				8AFF810F2AD8668D00EA4C7A /* Assets.xcassets */,
				8AFF81112AD8668D00EA4C7A /* LaunchScreen.storyboard */,
				8AFF81142AD8668D00EA4C7A /* Info.plist */,
			);
			path = GaleryTwo;
			sourceTree = "<group>";
		};
/* End PBXGroup section */

/* Begin PBXNativeTarget section */
		8AFF81022AD8668C00EA4C7A /* GaleryTwo */ = {
			isa = PBXNativeTarget;
			buildConfigurationList = 8AFF81172AD8668D00EA4C7A /* Build configuration list for PBXNativeTarget "GaleryTwo" */;
			buildPhases = (
				6F1CE42DA023E14AA1868C6A /* [CP] Check Pods Manifest.lock */,
				8AFF80FF2AD8668C00EA4C7A /* Sources */,
				8AFF81002AD8668C00EA4C7A /* Frameworks */,
				8AFF81012AD8668C00EA4C7A /* Resources */,
				F5AC966B7C4782E250B70C0E /* [CP] Embed Pods Frameworks */,
			);
			buildRules = (
			);
			dependencies = (
			);
			name = GaleryTwo;
			productName = GaleryTwo;
			productReference = 8AFF81032AD8668C00EA4C7A /* GaleryTwo.app */;
			productType = "com.apple.product-type.application";
		};
/* End PBXNativeTarget section */

/* Begin PBXProject section */
		8AFF80FB2AD8668C00EA4C7A /* Project object */ = {
			isa = PBXProject;
			attributes = {
				BuildIndependentTargetsInParallel = 1;
				LastSwiftUpdateCheck = 1430;
				LastUpgradeCheck = 1430;
				TargetAttributes = {
					8AFF81022AD8668C00EA4C7A = {
						CreatedOnToolsVersion = 14.3.1;
					};
				};
			};
			buildConfigurationList = 8AFF80FE2AD8668C00EA4C7A /* Build configuration list for PBXProject "GaleryTwo" */;
			compatibilityVersion = "Xcode 14.0";
			developmentRegion = en;
			hasScannedForEncodings = 0;
			knownRegions = (
				en,
				Base,
			);
			mainGroup = 8AFF80FA2AD8668C00EA4C7A;
			productRefGroup = 8AFF81042AD8668C00EA4C7A /* Products */;
			projectDirPath = "";
			projectRoot = "";
			targets = (
				8AFF81022AD8668C00EA4C7A /* GaleryTwo */,
			);
		};
/* End PBXProject section */

/* Begin PBXResourcesBuildPhase section */
		8AFF81012AD8668C00EA4C7A /* Resources */ = {
			isa = PBXResourcesBuildPhase;
			buildActionMask = 2147483647;
			files = (
				8AFF81132AD8668D00EA4C7A /* LaunchScreen.storyboard in Resources */,
				8AFF81102AD8668D00EA4C7A /* Assets.xcassets in Resources */,
				8AFF810E2AD8668C00EA4C7A /* Main.storyboard in Resources */,
			);
			runOnlyForDeploymentPostprocessing = 0;
		};
/* End PBXResourcesBuildPhase section */

/* Begin PBXShellScriptBuildPhase section */
		6F1CE42DA023E14AA1868C6A /* [CP] Check Pods Manifest.lock */ = {
			isa = PBXShellScriptBuildPhase;
			buildActionMask = 2147483647;
			files = (
			);
			inputFileListPaths = (
			);
			inputPaths = (
				"${PODS_PODFILE_DIR_PATH}/Podfile.lock",
				"${PODS_ROOT}/Manifest.lock",
			);
			name = "[CP] Check Pods Manifest.lock";
			outputFileListPaths = (
			);
			outputPaths = (
				"$(DERIVED_FILE_DIR)/Pods-GaleryTwo-checkManifestLockResult.txt",
			);
			runOnlyForDeploymentPostprocessing = 0;
			shellPath = /bin/sh;
			shellScript = "diff \"${PODS_PODFILE_DIR_PATH}/Podfile.lock\" \"${PODS_ROOT}/Manifest.lock\" > /dev/null\nif [ $? != 0 ] ; then\n    # print error to STDERR\n    echo \"error: The sandbox is not in sync with the Podfile.lock. Run 'pod install' or update your CocoaPods installation.\" >&2\n    exit 1\nfi\n# This output is used by Xcode 'outputs' to avoid re-running this script phase.\necho \"SUCCESS\" > \"${SCRIPT_OUTPUT_FILE_0}\"\n";
			showEnvVarsInLog = 0;
		};
		F5AC966B7C4782E250B70C0E /* [CP] Embed Pods Frameworks */ = {
			isa = PBXShellScriptBuildPhase;
			buildActionMask = 2147483647;
			files = (
			);
			inputFileListPaths = (
				"${PODS_ROOT}/Target Support Files/Pods-GaleryTwo/Pods-GaleryTwo-frameworks-${CONFIGURATION}-input-files.xcfilelist",
			);
			name = "[CP] Embed Pods Frameworks";
			outputFileListPaths = (
				"${PODS_ROOT}/Target Support Files/Pods-GaleryTwo/Pods-GaleryTwo-frameworks-${CONFIGURATION}-output-files.xcfilelist",
			);
			runOnlyForDeploymentPostprocessing = 0;
			shellPath = /bin/sh;
			shellScript = "\"${PODS_ROOT}/Target Support Files/Pods-GaleryTwo/Pods-GaleryTwo-frameworks.sh\"\n";
			showEnvVarsInLog = 0;
		};
/* End PBXShellScriptBuildPhase section */

/* Begin PBXSourcesBuildPhase section */
		8AFF80FF2AD8668C00EA4C7A /* Sources */ = {
			isa = PBXSourcesBuildPhase;
			buildActionMask = 2147483647;
			files = (
				8AFF810B2AD8668C00EA4C7A /* ViewController.swift in Sources */,
				8AFF81072AD8668C00EA4C7A /* AppDelegate.swift in Sources */,
				8AFF81092AD8668C00EA4C7A /* SceneDelegate.swift in Sources */,
			);
			runOnlyForDeploymentPostprocessing = 0;
		};
/* End PBXSourcesBuildPhase section */

/* Begin PBXVariantGroup section */
		8AFF810C2AD8668C00EA4C7A /* Main.storyboard */ = {
			isa = PBXVariantGroup;
			children = (
				8AFF810D2AD8668C00EA4C7A /* Base */,
			);
			name = Main.storyboard;
			sourceTree = "<group>";
		};
		8AFF81112AD8668D00EA4C7A /* LaunchScreen.storyboard */ = {
			isa = PBXVariantGroup;
			children = (
				8AFF81122AD8668D00EA4C7A /* Base */,
			);
			name = LaunchScreen.storyboard;
			sourceTree = "<group>";
		};
/* End PBXVariantGroup section */

/* Begin XCBuildConfiguration section */
		8AFF81152AD8668D00EA4C7A /* Debug */ = {
			isa = XCBuildConfiguration;
			buildSettings = {
				ALWAYS_SEARCH_USER_PATHS = NO;
				CLANG_ANALYZER_NONNULL = YES;
				CLANG_ANALYZER_NUMBER_OBJECT_CONVERSION = YES_AGGRESSIVE;
				CLANG_CXX_LANGUAGE_STANDARD = "gnu++20";
				CLANG_ENABLE_MODULES = YES;
				CLANG_ENABLE_OBJC_ARC = YES;
				CLANG_ENABLE_OBJC_WEAK = YES;
				CLANG_WARN_BLOCK_CAPTURE_AUTORELEASING = YES;
				CLANG_WARN_BOOL_CONVERSION = YES;
				CLANG_WARN_COMMA = YES;
				CLANG_WARN_CONSTANT_CONVERSION = YES;
				CLANG_WARN_DEPRECATED_OBJC_IMPLEMENTATIONS = YES;
				CLANG_WARN_DIRECT_OBJC_ISA_USAGE = YES_ERROR;
				CLANG_WARN_DOCUMENTATION_COMMENTS = YES;
				CLANG_WARN_EMPTY_BODY = YES;
				CLANG_WARN_ENUM_CONVERSION = YES;
				CLANG_WARN_INFINITE_RECURSION = YES;
				CLANG_WARN_INT_CONVERSION = YES;
				CLANG_WARN_NON_LITERAL_NULL_CONVERSION = YES;
				CLANG_WARN_OBJC_IMPLICIT_RETAIN_SELF = YES;
				CLANG_WARN_OBJC_LITERAL_CONVERSION = YES;
				CLANG_WARN_OBJC_ROOT_CLASS = YES_ERROR;
				CLANG_WARN_QUOTED_INCLUDE_IN_FRAMEWORK_HEADER = YES;
				CLANG_WARN_RANGE_LOOP_ANALYSIS = YES;
				CLANG_WARN_STRICT_PROTOTYPES = YES;
				CLANG_WARN_SUSPICIOUS_MOVE = YES;
				CLANG_WARN_UNGUARDED_AVAILABILITY = YES_AGGRESSIVE;
				CLANG_WARN_UNREACHABLE_CODE = YES;
				CLANG_WARN__DUPLICATE_METHOD_MATCH = YES;
				COPY_PHASE_STRIP = NO;
				DEBUG_INFORMATION_FORMAT = dwarf;
				ENABLE_STRICT_OBJC_MSGSEND = YES;
				ENABLE_TESTABILITY = YES;
				GCC_C_LANGUAGE_STANDARD = gnu11;
				GCC_DYNAMIC_NO_PIC = NO;
				GCC_NO_COMMON_BLOCKS = YES;
				GCC_OPTIMIZATION_LEVEL = 0;
				GCC_PREPROCESSOR_DEFINITIONS = (
					"DEBUG=1",
					"$(inherited)",
				);
				GCC_WARN_64_TO_32_BIT_CONVERSION = YES;
				GCC_WARN_ABOUT_RETURN_TYPE = YES_ERROR;
				GCC_WARN_UNDECLARED_SELECTOR = YES;
				GCC_WARN_UNINITIALIZED_AUTOS = YES_AGGRESSIVE;
				GCC_WARN_UNUSED_FUNCTION = YES;
				GCC_WARN_UNUSED_VARIABLE = YES;
				IPHONEOS_DEPLOYMENT_TARGET = 16.4;
				MTL_ENABLE_DEBUG_INFO = INCLUDE_SOURCE;
				MTL_FAST_MATH = YES;
				ONLY_ACTIVE_ARCH = YES;
				SDKROOT = iphoneos;
				SWIFT_ACTIVE_COMPILATION_CONDITIONS = DEBUG;
				SWIFT_OPTIMIZATION_LEVEL = "-Onone";
			};
			name = Debug;
		};
		8AFF81162AD8668D00EA4C7A /* Release */ = {
			isa = XCBuildConfiguration;
			buildSettings = {
				ALWAYS_SEARCH_USER_PATHS = NO;
				CLANG_ANALYZER_NONNULL = YES;
				CLANG_ANALYZER_NUMBER_OBJECT_CONVERSION = YES_AGGRESSIVE;
				CLANG_CXX_LANGUAGE_STANDARD = "gnu++20";
				CLANG_ENABLE_MODULES = YES;
				CLANG_ENABLE_OBJC_ARC = YES;
				CLANG_ENABLE_OBJC_WEAK = YES;
				CLANG_WARN_BLOCK_CAPTURE_AUTORELEASING = YES;
				CLANG_WARN_BOOL_CONVERSION = YES;
				CLANG_WARN_COMMA = YES;
				CLANG_WARN_CONSTANT_CONVERSION = YES;
				CLANG_WARN_DEPRECATED_OBJC_IMPLEMENTATIONS = YES;
				CLANG_WARN_DIRECT_OBJC_ISA_USAGE = YES_ERROR;
				CLANG_WARN_DOCUMENTATION_COMMENTS = YES;
				CLANG_WARN_EMPTY_BODY = YES;
				CLANG_WARN_ENUM_CONVERSION = YES;
				CLANG_WARN_INFINITE_RECURSION = YES;
				CLANG_WARN_INT_CONVERSION = YES;
				CLANG_WARN_NON_LITERAL_NULL_CONVERSION = YES;
				CLANG_WARN_OBJC_IMPLICIT_RETAIN_SELF = YES;
				CLANG_WARN_OBJC_LITERAL_CONVERSION = YES;
				CLANG_WARN_OBJC_ROOT_CLASS = YES_ERROR;
				CLANG_WARN_QUOTED_INCLUDE_IN_FRAMEWORK_HEADER = YES;
				CLANG_WARN_RANGE_LOOP_ANALYSIS = YES;
				CLANG_WARN_STRICT_PROTOTYPES = YES;
				CLANG_WARN_SUSPICIOUS_MOVE = YES;
				CLANG_WARN_UNGUARDED_AVAILABILITY = YES_AGGRESSIVE;
				CLANG_WARN_UNREACHABLE_CODE = YES;
				CLANG_WARN__DUPLICATE_METHOD_MATCH = YES;
				COPY_PHASE_STRIP = NO;
				DEBUG_INFORMATION_FORMAT = "dwarf-with-dsym";
				ENABLE_NS_ASSERTIONS = NO;
				ENABLE_STRICT_OBJC_MSGSEND = YES;
				GCC_C_LANGUAGE_STANDARD = gnu11;
				GCC_NO_COMMON_BLOCKS = YES;
				GCC_WARN_64_TO_32_BIT_CONVERSION = YES;
				GCC_WARN_ABOUT_RETURN_TYPE = YES_ERROR;
				GCC_WARN_UNDECLARED_SELECTOR = YES;
				GCC_WARN_UNINITIALIZED_AUTOS = YES_AGGRESSIVE;
				GCC_WARN_UNUSED_FUNCTION = YES;
				GCC_WARN_UNUSED_VARIABLE = YES;
				IPHONEOS_DEPLOYMENT_TARGET = 16.4;
				MTL_ENABLE_DEBUG_INFO = NO;
				MTL_FAST_MATH = YES;
				SDKROOT = iphoneos;
				SWIFT_COMPILATION_MODE = wholemodule;
				SWIFT_OPTIMIZATION_LEVEL = "-O";
				VALIDATE_PRODUCT = YES;
			};
			name = Release;
		};
		8AFF81182AD8668D00EA4C7A /* Debug */ = {
			isa = XCBuildConfiguration;
			baseConfigurationReference = A14A0129960BCEAC5BE6D4BD /* Pods-GaleryTwo.debug.xcconfig */;
			buildSettings = {
				ASSETCATALOG_COMPILER_APPICON_NAME = AppIcon;
				ASSETCATALOG_COMPILER_GLOBAL_ACCENT_COLOR_NAME = AccentColor;
				CODE_SIGN_STYLE = Automatic;
				CURRENT_PROJECT_VERSION = 1;
				DEVELOPMENT_TEAM = PQM24VR9VQ;
				GENERATE_INFOPLIST_FILE = YES;
				INFOPLIST_FILE = GaleryTwo/Info.plist;
				INFOPLIST_KEY_UIApplicationSupportsIndirectInputEvents = YES;
				INFOPLIST_KEY_UILaunchStoryboardName = LaunchScreen;
				INFOPLIST_KEY_UIMainStoryboardFile = Main;
				INFOPLIST_KEY_UISupportedInterfaceOrientations_iPad = "UIInterfaceOrientationPortrait UIInterfaceOrientationPortraitUpsideDown UIInterfaceOrientationLandscapeLeft UIInterfaceOrientationLandscapeRight";
				INFOPLIST_KEY_UISupportedInterfaceOrientations_iPhone = "UIInterfaceOrientationPortrait UIInterfaceOrientationLandscapeLeft UIInterfaceOrientationLandscapeRight";
				LD_RUNPATH_SEARCH_PATHS = (
					"$(inherited)",
					"@executable_path/Frameworks",
				);
				MARKETING_VERSION = 1.0;
				PRODUCT_BUNDLE_IDENTIFIER = "com.Drozd-idev.-TabBar.GaleryTwo";
				PRODUCT_NAME = "$(TARGET_NAME)";
				SWIFT_EMIT_LOC_STRINGS = YES;
				SWIFT_VERSION = 5.0;
				TARGETED_DEVICE_FAMILY = "1,2";
			};
			name = Debug;
		};
		8AFF81192AD8668D00EA4C7A /* Release */ = {
			isa = XCBuildConfiguration;
			baseConfigurationReference = 77B45D9453ADAEEFA684536B /* Pods-GaleryTwo.release.xcconfig */;
			buildSettings = {
				ASSETCATALOG_COMPILER_APPICON_NAME = AppIcon;
				ASSETCATALOG_COMPILER_GLOBAL_ACCENT_COLOR_NAME = AccentColor;
				CODE_SIGN_STYLE = Automatic;
				CURRENT_PROJECT_VERSION = 1;
				DEVELOPMENT_TEAM = PQM24VR9VQ;
				GENERATE_INFOPLIST_FILE = YES;
				INFOPLIST_FILE = GaleryTwo/Info.plist;
				INFOPLIST_KEY_UIApplicationSupportsIndirectInputEvents = YES;
				INFOPLIST_KEY_UILaunchStoryboardName = LaunchScreen;
				INFOPLIST_KEY_UIMainStoryboardFile = Main;
				INFOPLIST_KEY_UISupportedInterfaceOrientations_iPad = "UIInterfaceOrientationPortrait UIInterfaceOrientationPortraitUpsideDown UIInterfaceOrientationLandscapeLeft UIInterfaceOrientationLandscapeRight";
				INFOPLIST_KEY_UISupportedInterfaceOrientations_iPhone = "UIInterfaceOrientationPortrait UIInterfaceOrientationLandscapeLeft UIInterfaceOrientationLandscapeRight";
				LD_RUNPATH_SEARCH_PATHS = (
					"$(inherited)",
					"@executable_path/Frameworks",
				);
				MARKETING_VERSION = 1.0;
				PRODUCT_BUNDLE_IDENTIFIER = "com.Drozd-idev.-TabBar.GaleryTwo";
				PRODUCT_NAME = "$(TARGET_NAME)";
				SWIFT_EMIT_LOC_STRINGS = YES;
				SWIFT_VERSION = 5.0;
				TARGETED_DEVICE_FAMILY = "1,2";
			};
			name = Release;
		};
/* End XCBuildConfiguration section */

/* Begin XCConfigurationList section */
		8AFF80FE2AD8668C00EA4C7A /* Build configuration list for PBXProject "GaleryTwo" */ = {
			isa = XCConfigurationList;
			buildConfigurations = (
				8AFF81152AD8668D00EA4C7A /* Debug */,
				8AFF81162AD8668D00EA4C7A /* Release */,
			);
			defaultConfigurationIsVisible = 0;
			defaultConfigurationName = Release;
		};
		8AFF81172AD8668D00EA4C7A /* Build configuration list for PBXNativeTarget "GaleryTwo" */ = {
			isa = XCConfigurationList;
			buildConfigurations = (
				8AFF81182AD8668D00EA4C7A /* Debug */,
				8AFF81192AD8668D00EA4C7A /* Release */,
			);
			defaultConfigurationIsVisible = 0;
			defaultConfigurationName = Release;
		};
/* End XCConfigurationList section */
	};
	rootObject = 8AFF80FB2AD8668C00EA4C7A /* Project object */;
}
